// !$*UTF8*$!
{
	archiveVersion = 1;
	classes = {
	};
	objectVersion = 46;
	objects = {

/* Begin PBXBuildFile section */
		9EEF52A91E2A885D004D4A3E /* AppDelegate.swift in Sources */ = {isa = PBXBuildFile; fileRef = 9EEF52A81E2A885D004D4A3E /* AppDelegate.swift */; };
		9EEF52B01E2A885D004D4A3E /* Assets.xcassets in Resources */ = {isa = PBXBuildFile; fileRef = 9EEF52AF1E2A885D004D4A3E /* Assets.xcassets */; };
		9EEF52B31E2A885D004D4A3E /* LaunchScreen.storyboard in Resources */ = {isa = PBXBuildFile; fileRef = 9EEF52B11E2A885D004D4A3E /* LaunchScreen.storyboard */; };
		9EEF52BE1E2A885D004D4A3E /* RideCellParkingTests.swift in Sources */ = {isa = PBXBuildFile; fileRef = 9EEF52BD1E2A885D004D4A3E /* RideCellParkingTests.swift */; };
		9EEF52C91E2A885D004D4A3E /* RideCellParkingUITests.swift in Sources */ = {isa = PBXBuildFile; fileRef = 9EEF52C81E2A885D004D4A3E /* RideCellParkingUITests.swift */; };
		9EEF52E61E2A8C27004D4A3E /* DataProvider.swift in Sources */ = {isa = PBXBuildFile; fileRef = 9EEF52D91E2A8C27004D4A3E /* DataProvider.swift */; };
		9EEF52E71E2A8C27004D4A3E /* DataProviderExtensions.swift in Sources */ = {isa = PBXBuildFile; fileRef = 9EEF52DA1E2A8C27004D4A3E /* DataProviderExtensions.swift */; };
		9EEF52E81E2A8C27004D4A3E /* DataProviderOperationProtocol.swift in Sources */ = {isa = PBXBuildFile; fileRef = 9EEF52DC1E2A8C27004D4A3E /* DataProviderOperationProtocol.swift */; };
		9EEF52E91E2A8C27004D4A3E /* DataProviderProtocol.swift in Sources */ = {isa = PBXBuildFile; fileRef = 9EEF52DD1E2A8C27004D4A3E /* DataProviderProtocol.swift */; };
		9EEF52EA1E2A8C27004D4A3E /* ParkingLocation+Mappings.swift in Sources */ = {isa = PBXBuildFile; fileRef = 9EEF52E01E2A8C27004D4A3E /* ParkingLocation+Mappings.swift */; };
		9EEF52EB1E2A8C27004D4A3E /* WebProvider.swift in Sources */ = {isa = PBXBuildFile; fileRef = 9EEF52E11E2A8C27004D4A3E /* WebProvider.swift */; };
		9EEF52ED1E2A8DCE004D4A3E /* ParkingLocation.swift in Sources */ = {isa = PBXBuildFile; fileRef = 9EEF52EC1E2A8DCE004D4A3E /* ParkingLocation.swift */; };
		9EEF53061E2A8ED2004D4A3E /* CustomDateFormatTransform.swift in Sources */ = {isa = PBXBuildFile; fileRef = 9EEF52EF1E2A8ED2004D4A3E /* CustomDateFormatTransform.swift */; };
		9EEF53071E2A8ED2004D4A3E /* DataTransform.swift in Sources */ = {isa = PBXBuildFile; fileRef = 9EEF52F01E2A8ED2004D4A3E /* DataTransform.swift */; };
		9EEF53081E2A8ED2004D4A3E /* DateFormatterTransform.swift in Sources */ = {isa = PBXBuildFile; fileRef = 9EEF52F11E2A8ED2004D4A3E /* DateFormatterTransform.swift */; };
		9EEF53091E2A8ED2004D4A3E /* DateTransform.swift in Sources */ = {isa = PBXBuildFile; fileRef = 9EEF52F21E2A8ED2004D4A3E /* DateTransform.swift */; };
		9EEF530A1E2A8ED2004D4A3E /* DictionaryTransform.swift in Sources */ = {isa = PBXBuildFile; fileRef = 9EEF52F31E2A8ED2004D4A3E /* DictionaryTransform.swift */; };
		9EEF530B1E2A8ED2004D4A3E /* EnumOperators.swift in Sources */ = {isa = PBXBuildFile; fileRef = 9EEF52F41E2A8ED2004D4A3E /* EnumOperators.swift */; };
		9EEF530C1E2A8ED2004D4A3E /* EnumTransform.swift in Sources */ = {isa = PBXBuildFile; fileRef = 9EEF52F51E2A8ED2004D4A3E /* EnumTransform.swift */; };
		9EEF530D1E2A8ED2004D4A3E /* FromJSON.swift in Sources */ = {isa = PBXBuildFile; fileRef = 9EEF52F61E2A8ED2004D4A3E /* FromJSON.swift */; };
		9EEF530E1E2A8ED2004D4A3E /* HexColorTransform.swift in Sources */ = {isa = PBXBuildFile; fileRef = 9EEF52F71E2A8ED2004D4A3E /* HexColorTransform.swift */; };
		9EEF530F1E2A8ED2004D4A3E /* ImmutableMappable.swift in Sources */ = {isa = PBXBuildFile; fileRef = 9EEF52F81E2A8ED2004D4A3E /* ImmutableMappable.swift */; };
		9EEF53101E2A8ED2004D4A3E /* ISO8601DateTransform.swift in Sources */ = {isa = PBXBuildFile; fileRef = 9EEF52F91E2A8ED2004D4A3E /* ISO8601DateTransform.swift */; };
		9EEF53111E2A8ED2004D4A3E /* Map.swift in Sources */ = {isa = PBXBuildFile; fileRef = 9EEF52FA1E2A8ED2004D4A3E /* Map.swift */; };
		9EEF53121E2A8ED2004D4A3E /* MapError.swift in Sources */ = {isa = PBXBuildFile; fileRef = 9EEF52FB1E2A8ED2004D4A3E /* MapError.swift */; };
		9EEF53131E2A8ED2004D4A3E /* Mappable.swift in Sources */ = {isa = PBXBuildFile; fileRef = 9EEF52FC1E2A8ED2004D4A3E /* Mappable.swift */; };
		9EEF53141E2A8ED2004D4A3E /* Mapper.swift in Sources */ = {isa = PBXBuildFile; fileRef = 9EEF52FD1E2A8ED2004D4A3E /* Mapper.swift */; };
		9EEF53151E2A8ED2004D4A3E /* NSDecimalNumberTransform.swift in Sources */ = {isa = PBXBuildFile; fileRef = 9EEF52FE1E2A8ED2004D4A3E /* NSDecimalNumberTransform.swift */; };
		9EEF53161E2A8ED2004D4A3E /* Operators.swift in Sources */ = {isa = PBXBuildFile; fileRef = 9EEF53001E2A8ED2004D4A3E /* Operators.swift */; };
		9EEF53171E2A8ED2004D4A3E /* ToJSON.swift in Sources */ = {isa = PBXBuildFile; fileRef = 9EEF53011E2A8ED2004D4A3E /* ToJSON.swift */; };
		9EEF53181E2A8ED2004D4A3E /* TransformOf.swift in Sources */ = {isa = PBXBuildFile; fileRef = 9EEF53021E2A8ED2004D4A3E /* TransformOf.swift */; };
		9EEF53191E2A8ED2004D4A3E /* TransformOperators.swift in Sources */ = {isa = PBXBuildFile; fileRef = 9EEF53031E2A8ED2004D4A3E /* TransformOperators.swift */; };
		9EEF531A1E2A8ED2004D4A3E /* TransformType.swift in Sources */ = {isa = PBXBuildFile; fileRef = 9EEF53041E2A8ED2004D4A3E /* TransformType.swift */; };
		9EEF531B1E2A8ED2004D4A3E /* URLTransform.swift in Sources */ = {isa = PBXBuildFile; fileRef = 9EEF53051E2A8ED2004D4A3E /* URLTransform.swift */; };
		9EEF531F1E2A8EF7004D4A3E /* EasyTimer.swift in Sources */ = {isa = PBXBuildFile; fileRef = 9EEF531D1E2A8EF7004D4A3E /* EasyTimer.swift */; };
		9EEF53201E2A8EF7004D4A3E /* EasyTimerTimeInterval.swift in Sources */ = {isa = PBXBuildFile; fileRef = 9EEF531E1E2A8EF7004D4A3E /* EasyTimerTimeInterval.swift */; };
		9EEF53531E2A8F1E004D4A3E /* Constants.swift in Sources */ = {isa = PBXBuildFile; fileRef = 9EEF53431E2A8F1E004D4A3E /* Constants.swift */; };
		9EEF53541E2A8F1E004D4A3E /* Date+Bundle.swift in Sources */ = {isa = PBXBuildFile; fileRef = 9EEF53441E2A8F1E004D4A3E /* Date+Bundle.swift */; };
		9EEF53551E2A8F1E004D4A3E /* Date+Comparators.swift in Sources */ = {isa = PBXBuildFile; fileRef = 9EEF53451E2A8F1E004D4A3E /* Date+Comparators.swift */; };
		9EEF53561E2A8F1E004D4A3E /* Date+Components.swift in Sources */ = {isa = PBXBuildFile; fileRef = 9EEF53461E2A8F1E004D4A3E /* Date+Components.swift */; };
		9EEF53571E2A8F1E004D4A3E /* Date+Format.swift in Sources */ = {isa = PBXBuildFile; fileRef = 9EEF53471E2A8F1E004D4A3E /* Date+Format.swift */; };
		9EEF53581E2A8F1E004D4A3E /* Date+Inits.swift in Sources */ = {isa = PBXBuildFile; fileRef = 9EEF53481E2A8F1E004D4A3E /* Date+Inits.swift */; };
		9EEF53591E2A8F1E004D4A3E /* Date+Manipulations.swift in Sources */ = {isa = PBXBuildFile; fileRef = 9EEF53491E2A8F1E004D4A3E /* Date+Manipulations.swift */; };
		9EEF535A1E2A8F1E004D4A3E /* Date+TimeAgo.swift in Sources */ = {isa = PBXBuildFile; fileRef = 9EEF534A1E2A8F1E004D4A3E /* Date+TimeAgo.swift */; };
		9EEF535B1E2A8F1E004D4A3E /* DateTools.bundle in Resources */ = {isa = PBXBuildFile; fileRef = 9EEF534B1E2A8F1E004D4A3E /* DateTools.bundle */; };
		9EEF535C1E2A8F1E004D4A3E /* Enums.swift in Sources */ = {isa = PBXBuildFile; fileRef = 9EEF534C1E2A8F1E004D4A3E /* Enums.swift */; };
		9EEF535D1E2A8F1E004D4A3E /* Integer+DateTools.swift in Sources */ = {isa = PBXBuildFile; fileRef = 9EEF534D1E2A8F1E004D4A3E /* Integer+DateTools.swift */; };
		9EEF535E1E2A8F1E004D4A3E /* TimeChunk.swift in Sources */ = {isa = PBXBuildFile; fileRef = 9EEF534E1E2A8F1E004D4A3E /* TimeChunk.swift */; };
		9EEF535F1E2A8F1E004D4A3E /* TimePeriod.swift in Sources */ = {isa = PBXBuildFile; fileRef = 9EEF534F1E2A8F1E004D4A3E /* TimePeriod.swift */; };
		9EEF53601E2A8F1E004D4A3E /* TimePeriodChain.swift in Sources */ = {isa = PBXBuildFile; fileRef = 9EEF53501E2A8F1E004D4A3E /* TimePeriodChain.swift */; };
		9EEF53611E2A8F1E004D4A3E /* TimePeriodCollection.swift in Sources */ = {isa = PBXBuildFile; fileRef = 9EEF53511E2A8F1E004D4A3E /* TimePeriodCollection.swift */; };
		9EEF53621E2A8F1E004D4A3E /* TimePeriodGroup.swift in Sources */ = {isa = PBXBuildFile; fileRef = 9EEF53521E2A8F1E004D4A3E /* TimePeriodGroup.swift */; };
		9EEF53641E2A969E004D4A3E /* DoubleTransform.swift in Sources */ = {isa = PBXBuildFile; fileRef = 9EEF53631E2A969E004D4A3E /* DoubleTransform.swift */; };
		9EEF53681E2AA077004D4A3E /* ReservationRequestMinutes.swift in Sources */ = {isa = PBXBuildFile; fileRef = 9EEF53671E2AA077004D4A3E /* ReservationRequestMinutes.swift */; };
		9EEF536A1E2AA0D2004D4A3E /* ReservationRequestMinutes+Mappings.swift in Sources */ = {isa = PBXBuildFile; fileRef = 9EEF53691E2AA0D2004D4A3E /* ReservationRequestMinutes+Mappings.swift */; };
		9EEF536C1E2AA27B004D4A3E /* ReservationReset.swift in Sources */ = {isa = PBXBuildFile; fileRef = 9EEF536B1E2AA27B004D4A3E /* ReservationReset.swift */; };
		9EEF536E1E2AA2B9004D4A3E /* ReservationReset+Mappings.swift in Sources */ = {isa = PBXBuildFile; fileRef = 9EEF536D1E2AA2B9004D4A3E /* ReservationReset+Mappings.swift */; };
		9EEF53711E2AE287004D4A3E /* ParkingLocationSearchViewController.swift in Sources */ = {isa = PBXBuildFile; fileRef = 9EEF536F1E2AE287004D4A3E /* ParkingLocationSearchViewController.swift */; };
		9EEF53721E2AE287004D4A3E /* ParkingLocationSearchViewController.xib in Resources */ = {isa = PBXBuildFile; fileRef = 9EEF53701E2AE287004D4A3E /* ParkingLocationSearchViewController.xib */; };
		9EEF53811E2AE336004D4A3E /* ReservationTableViewController.swift in Sources */ = {isa = PBXBuildFile; fileRef = 9EEF537F1E2AE336004D4A3E /* ReservationTableViewController.swift */; };
		9EEF53821E2AE336004D4A3E /* ReservationTableViewController.xib in Resources */ = {isa = PBXBuildFile; fileRef = 9EEF53801E2AE336004D4A3E /* ReservationTableViewController.xib */; };
		9EEF53851E2AE344004D4A3E /* MyCarTableViewController.swift in Sources */ = {isa = PBXBuildFile; fileRef = 9EEF53831E2AE344004D4A3E /* MyCarTableViewController.swift */; };
		9EEF53861E2AE344004D4A3E /* MyCarTableViewController.xib in Resources */ = {isa = PBXBuildFile; fileRef = 9EEF53841E2AE344004D4A3E /* MyCarTableViewController.xib */; };
		9EEF538A1E2AE3FF004D4A3E /* UIColor+Custom.swift in Sources */ = {isa = PBXBuildFile; fileRef = 9EEF53891E2AE3FF004D4A3E /* UIColor+Custom.swift */; };
		9EEF538D1E2AE8DB004D4A3E /* RideCellNavigationController.swift in Sources */ = {isa = PBXBuildFile; fileRef = 9EEF538C1E2AE8DB004D4A3E /* RideCellNavigationController.swift */; };
		9EEF538F1E2AF925004D4A3E /* UIViewController+Alert.swift in Sources */ = {isa = PBXBuildFile; fileRef = 9EEF538E1E2AF925004D4A3E /* UIViewController+Alert.swift */; };
		9EEF53921E2B05D8004D4A3E /* ParkingLocationAnnotation.swift in Sources */ = {isa = PBXBuildFile; fileRef = 9EEF53911E2B05D8004D4A3E /* ParkingLocationAnnotation.swift */; };
		9EEF53961E2B068C004D4A3E /* ParkingLocationAnnotationView.swift in Sources */ = {isa = PBXBuildFile; fileRef = 9EEF53951E2B068C004D4A3E /* ParkingLocationAnnotationView.swift */; };
		9EEF53981E2B06B6004D4A3E /* MapAnnotationView.swift in Sources */ = {isa = PBXBuildFile; fileRef = 9EEF53971E2B06B6004D4A3E /* MapAnnotationView.swift */; };
/* End PBXBuildFile section */

/* Begin PBXContainerItemProxy section */
		9EEF52BA1E2A885D004D4A3E /* PBXContainerItemProxy */ = {
			isa = PBXContainerItemProxy;
			containerPortal = 9EEF529D1E2A885D004D4A3E /* Project object */;
			proxyType = 1;
			remoteGlobalIDString = 9EEF52A41E2A885D004D4A3E;
			remoteInfo = RideCellParking;
		};
		9EEF52C51E2A885D004D4A3E /* PBXContainerItemProxy */ = {
			isa = PBXContainerItemProxy;
			containerPortal = 9EEF529D1E2A885D004D4A3E /* Project object */;
			proxyType = 1;
			remoteGlobalIDString = 9EEF52A41E2A885D004D4A3E;
			remoteInfo = RideCellParking;
		};
/* End PBXContainerItemProxy section */

/* Begin PBXFileReference section */
		9EEF52A51E2A885D004D4A3E /* RideCellParking.app */ = {isa = PBXFileReference; explicitFileType = wrapper.application; includeInIndex = 0; path = RideCellParking.app; sourceTree = BUILT_PRODUCTS_DIR; };
		9EEF52A81E2A885D004D4A3E /* AppDelegate.swift */ = {isa = PBXFileReference; lastKnownFileType = sourcecode.swift; path = AppDelegate.swift; sourceTree = "<group>"; };
		9EEF52AF1E2A885D004D4A3E /* Assets.xcassets */ = {isa = PBXFileReference; lastKnownFileType = folder.assetcatalog; path = Assets.xcassets; sourceTree = "<group>"; };
		9EEF52B21E2A885D004D4A3E /* Base */ = {isa = PBXFileReference; lastKnownFileType = file.storyboard; name = Base; path = Base.lproj/LaunchScreen.storyboard; sourceTree = "<group>"; };
		9EEF52B41E2A885D004D4A3E /* Info.plist */ = {isa = PBXFileReference; lastKnownFileType = text.plist.xml; path = Info.plist; sourceTree = "<group>"; };
		9EEF52B91E2A885D004D4A3E /* RideCellParkingTests.xctest */ = {isa = PBXFileReference; explicitFileType = wrapper.cfbundle; includeInIndex = 0; path = RideCellParkingTests.xctest; sourceTree = BUILT_PRODUCTS_DIR; };
		9EEF52BD1E2A885D004D4A3E /* RideCellParkingTests.swift */ = {isa = PBXFileReference; lastKnownFileType = sourcecode.swift; path = RideCellParkingTests.swift; sourceTree = "<group>"; };
		9EEF52BF1E2A885D004D4A3E /* Info.plist */ = {isa = PBXFileReference; lastKnownFileType = text.plist.xml; path = Info.plist; sourceTree = "<group>"; };
		9EEF52C41E2A885D004D4A3E /* RideCellParkingUITests.xctest */ = {isa = PBXFileReference; explicitFileType = wrapper.cfbundle; includeInIndex = 0; path = RideCellParkingUITests.xctest; sourceTree = BUILT_PRODUCTS_DIR; };
		9EEF52C81E2A885D004D4A3E /* RideCellParkingUITests.swift */ = {isa = PBXFileReference; lastKnownFileType = sourcecode.swift; path = RideCellParkingUITests.swift; sourceTree = "<group>"; };
		9EEF52CA1E2A885D004D4A3E /* Info.plist */ = {isa = PBXFileReference; lastKnownFileType = text.plist.xml; path = Info.plist; sourceTree = "<group>"; };
		9EEF52D91E2A8C27004D4A3E /* DataProvider.swift */ = {isa = PBXFileReference; fileEncoding = 4; lastKnownFileType = sourcecode.swift; path = DataProvider.swift; sourceTree = "<group>"; };
		9EEF52DA1E2A8C27004D4A3E /* DataProviderExtensions.swift */ = {isa = PBXFileReference; fileEncoding = 4; lastKnownFileType = sourcecode.swift; path = DataProviderExtensions.swift; sourceTree = "<group>"; };
		9EEF52DC1E2A8C27004D4A3E /* DataProviderOperationProtocol.swift */ = {isa = PBXFileReference; fileEncoding = 4; lastKnownFileType = sourcecode.swift; path = DataProviderOperationProtocol.swift; sourceTree = "<group>"; };
		9EEF52DD1E2A8C27004D4A3E /* DataProviderProtocol.swift */ = {isa = PBXFileReference; fileEncoding = 4; lastKnownFileType = sourcecode.swift; path = DataProviderProtocol.swift; sourceTree = "<group>"; };
		9EEF52E01E2A8C27004D4A3E /* ParkingLocation+Mappings.swift */ = {isa = PBXFileReference; fileEncoding = 4; lastKnownFileType = sourcecode.swift; path = "ParkingLocation+Mappings.swift"; sourceTree = "<group>"; };
		9EEF52E11E2A8C27004D4A3E /* WebProvider.swift */ = {isa = PBXFileReference; fileEncoding = 4; lastKnownFileType = sourcecode.swift; path = WebProvider.swift; sourceTree = "<group>"; };
		9EEF52EC1E2A8DCE004D4A3E /* ParkingLocation.swift */ = {isa = PBXFileReference; fileEncoding = 4; lastKnownFileType = sourcecode.swift; path = ParkingLocation.swift; sourceTree = "<group>"; };
		9EEF52EF1E2A8ED2004D4A3E /* CustomDateFormatTransform.swift */ = {isa = PBXFileReference; fileEncoding = 4; lastKnownFileType = sourcecode.swift; path = CustomDateFormatTransform.swift; sourceTree = "<group>"; };
		9EEF52F01E2A8ED2004D4A3E /* DataTransform.swift */ = {isa = PBXFileReference; fileEncoding = 4; lastKnownFileType = sourcecode.swift; path = DataTransform.swift; sourceTree = "<group>"; };
		9EEF52F11E2A8ED2004D4A3E /* DateFormatterTransform.swift */ = {isa = PBXFileReference; fileEncoding = 4; lastKnownFileType = sourcecode.swift; path = DateFormatterTransform.swift; sourceTree = "<group>"; };
		9EEF52F21E2A8ED2004D4A3E /* DateTransform.swift */ = {isa = PBXFileReference; fileEncoding = 4; lastKnownFileType = sourcecode.swift; path = DateTransform.swift; sourceTree = "<group>"; };
		9EEF52F31E2A8ED2004D4A3E /* DictionaryTransform.swift */ = {isa = PBXFileReference; fileEncoding = 4; lastKnownFileType = sourcecode.swift; path = DictionaryTransform.swift; sourceTree = "<group>"; };
		9EEF52F41E2A8ED2004D4A3E /* EnumOperators.swift */ = {isa = PBXFileReference; fileEncoding = 4; lastKnownFileType = sourcecode.swift; path = EnumOperators.swift; sourceTree = "<group>"; };
		9EEF52F51E2A8ED2004D4A3E /* EnumTransform.swift */ = {isa = PBXFileReference; fileEncoding = 4; lastKnownFileType = sourcecode.swift; path = EnumTransform.swift; sourceTree = "<group>"; };
		9EEF52F61E2A8ED2004D4A3E /* FromJSON.swift */ = {isa = PBXFileReference; fileEncoding = 4; lastKnownFileType = sourcecode.swift; path = FromJSON.swift; sourceTree = "<group>"; };
		9EEF52F71E2A8ED2004D4A3E /* HexColorTransform.swift */ = {isa = PBXFileReference; fileEncoding = 4; lastKnownFileType = sourcecode.swift; path = HexColorTransform.swift; sourceTree = "<group>"; };
		9EEF52F81E2A8ED2004D4A3E /* ImmutableMappable.swift */ = {isa = PBXFileReference; fileEncoding = 4; lastKnownFileType = sourcecode.swift; path = ImmutableMappable.swift; sourceTree = "<group>"; };
		9EEF52F91E2A8ED2004D4A3E /* ISO8601DateTransform.swift */ = {isa = PBXFileReference; fileEncoding = 4; lastKnownFileType = sourcecode.swift; path = ISO8601DateTransform.swift; sourceTree = "<group>"; };
		9EEF52FA1E2A8ED2004D4A3E /* Map.swift */ = {isa = PBXFileReference; fileEncoding = 4; lastKnownFileType = sourcecode.swift; path = Map.swift; sourceTree = "<group>"; };
		9EEF52FB1E2A8ED2004D4A3E /* MapError.swift */ = {isa = PBXFileReference; fileEncoding = 4; lastKnownFileType = sourcecode.swift; path = MapError.swift; sourceTree = "<group>"; };
		9EEF52FC1E2A8ED2004D4A3E /* Mappable.swift */ = {isa = PBXFileReference; fileEncoding = 4; lastKnownFileType = sourcecode.swift; path = Mappable.swift; sourceTree = "<group>"; };
		9EEF52FD1E2A8ED2004D4A3E /* Mapper.swift */ = {isa = PBXFileReference; fileEncoding = 4; lastKnownFileType = sourcecode.swift; path = Mapper.swift; sourceTree = "<group>"; };
		9EEF52FE1E2A8ED2004D4A3E /* NSDecimalNumberTransform.swift */ = {isa = PBXFileReference; fileEncoding = 4; lastKnownFileType = sourcecode.swift; path = NSDecimalNumberTransform.swift; sourceTree = "<group>"; };
		9EEF52FF1E2A8ED2004D4A3E /* ObjectMapper.h */ = {isa = PBXFileReference; fileEncoding = 4; lastKnownFileType = sourcecode.c.h; path = ObjectMapper.h; sourceTree = "<group>"; };
		9EEF53001E2A8ED2004D4A3E /* Operators.swift */ = {isa = PBXFileReference; fileEncoding = 4; lastKnownFileType = sourcecode.swift; path = Operators.swift; sourceTree = "<group>"; };
		9EEF53011E2A8ED2004D4A3E /* ToJSON.swift */ = {isa = PBXFileReference; fileEncoding = 4; lastKnownFileType = sourcecode.swift; path = ToJSON.swift; sourceTree = "<group>"; };
		9EEF53021E2A8ED2004D4A3E /* TransformOf.swift */ = {isa = PBXFileReference; fileEncoding = 4; lastKnownFileType = sourcecode.swift; path = TransformOf.swift; sourceTree = "<group>"; };
		9EEF53031E2A8ED2004D4A3E /* TransformOperators.swift */ = {isa = PBXFileReference; fileEncoding = 4; lastKnownFileType = sourcecode.swift; path = TransformOperators.swift; sourceTree = "<group>"; };
		9EEF53041E2A8ED2004D4A3E /* TransformType.swift */ = {isa = PBXFileReference; fileEncoding = 4; lastKnownFileType = sourcecode.swift; path = TransformType.swift; sourceTree = "<group>"; };
		9EEF53051E2A8ED2004D4A3E /* URLTransform.swift */ = {isa = PBXFileReference; fileEncoding = 4; lastKnownFileType = sourcecode.swift; path = URLTransform.swift; sourceTree = "<group>"; };
		9EEF531D1E2A8EF7004D4A3E /* EasyTimer.swift */ = {isa = PBXFileReference; fileEncoding = 4; lastKnownFileType = sourcecode.swift; path = EasyTimer.swift; sourceTree = "<group>"; };
		9EEF531E1E2A8EF7004D4A3E /* EasyTimerTimeInterval.swift */ = {isa = PBXFileReference; fileEncoding = 4; lastKnownFileType = sourcecode.swift; path = EasyTimerTimeInterval.swift; sourceTree = "<group>"; };
		9EEF53431E2A8F1E004D4A3E /* Constants.swift */ = {isa = PBXFileReference; fileEncoding = 4; lastKnownFileType = sourcecode.swift; path = Constants.swift; sourceTree = "<group>"; };
		9EEF53441E2A8F1E004D4A3E /* Date+Bundle.swift */ = {isa = PBXFileReference; fileEncoding = 4; lastKnownFileType = sourcecode.swift; path = "Date+Bundle.swift"; sourceTree = "<group>"; };
		9EEF53451E2A8F1E004D4A3E /* Date+Comparators.swift */ = {isa = PBXFileReference; fileEncoding = 4; lastKnownFileType = sourcecode.swift; path = "Date+Comparators.swift"; sourceTree = "<group>"; };
		9EEF53461E2A8F1E004D4A3E /* Date+Components.swift */ = {isa = PBXFileReference; fileEncoding = 4; lastKnownFileType = sourcecode.swift; path = "Date+Components.swift"; sourceTree = "<group>"; };
		9EEF53471E2A8F1E004D4A3E /* Date+Format.swift */ = {isa = PBXFileReference; fileEncoding = 4; lastKnownFileType = sourcecode.swift; path = "Date+Format.swift"; sourceTree = "<group>"; };
		9EEF53481E2A8F1E004D4A3E /* Date+Inits.swift */ = {isa = PBXFileReference; fileEncoding = 4; lastKnownFileType = sourcecode.swift; path = "Date+Inits.swift"; sourceTree = "<group>"; };
		9EEF53491E2A8F1E004D4A3E /* Date+Manipulations.swift */ = {isa = PBXFileReference; fileEncoding = 4; lastKnownFileType = sourcecode.swift; path = "Date+Manipulations.swift"; sourceTree = "<group>"; };
		9EEF534A1E2A8F1E004D4A3E /* Date+TimeAgo.swift */ = {isa = PBXFileReference; fileEncoding = 4; lastKnownFileType = sourcecode.swift; path = "Date+TimeAgo.swift"; sourceTree = "<group>"; };
		9EEF534B1E2A8F1E004D4A3E /* DateTools.bundle */ = {isa = PBXFileReference; lastKnownFileType = "wrapper.plug-in"; path = DateTools.bundle; sourceTree = "<group>"; };
		9EEF534C1E2A8F1E004D4A3E /* Enums.swift */ = {isa = PBXFileReference; fileEncoding = 4; lastKnownFileType = sourcecode.swift; path = Enums.swift; sourceTree = "<group>"; };
		9EEF534D1E2A8F1E004D4A3E /* Integer+DateTools.swift */ = {isa = PBXFileReference; fileEncoding = 4; lastKnownFileType = sourcecode.swift; path = "Integer+DateTools.swift"; sourceTree = "<group>"; };
		9EEF534E1E2A8F1E004D4A3E /* TimeChunk.swift */ = {isa = PBXFileReference; fileEncoding = 4; lastKnownFileType = sourcecode.swift; path = TimeChunk.swift; sourceTree = "<group>"; };
		9EEF534F1E2A8F1E004D4A3E /* TimePeriod.swift */ = {isa = PBXFileReference; fileEncoding = 4; lastKnownFileType = sourcecode.swift; path = TimePeriod.swift; sourceTree = "<group>"; };
		9EEF53501E2A8F1E004D4A3E /* TimePeriodChain.swift */ = {isa = PBXFileReference; fileEncoding = 4; lastKnownFileType = sourcecode.swift; path = TimePeriodChain.swift; sourceTree = "<group>"; };
		9EEF53511E2A8F1E004D4A3E /* TimePeriodCollection.swift */ = {isa = PBXFileReference; fileEncoding = 4; lastKnownFileType = sourcecode.swift; path = TimePeriodCollection.swift; sourceTree = "<group>"; };
		9EEF53521E2A8F1E004D4A3E /* TimePeriodGroup.swift */ = {isa = PBXFileReference; fileEncoding = 4; lastKnownFileType = sourcecode.swift; path = TimePeriodGroup.swift; sourceTree = "<group>"; };
		9EEF53631E2A969E004D4A3E /* DoubleTransform.swift */ = {isa = PBXFileReference; fileEncoding = 4; lastKnownFileType = sourcecode.swift; path = DoubleTransform.swift; sourceTree = "<group>"; };
		9EEF53671E2AA077004D4A3E /* ReservationRequestMinutes.swift */ = {isa = PBXFileReference; fileEncoding = 4; lastKnownFileType = sourcecode.swift; path = ReservationRequestMinutes.swift; sourceTree = "<group>"; };
		9EEF53691E2AA0D2004D4A3E /* ReservationRequestMinutes+Mappings.swift */ = {isa = PBXFileReference; fileEncoding = 4; lastKnownFileType = sourcecode.swift; path = "ReservationRequestMinutes+Mappings.swift"; sourceTree = "<group>"; };
		9EEF536B1E2AA27B004D4A3E /* ReservationReset.swift */ = {isa = PBXFileReference; fileEncoding = 4; lastKnownFileType = sourcecode.swift; path = ReservationReset.swift; sourceTree = "<group>"; };
		9EEF536D1E2AA2B9004D4A3E /* ReservationReset+Mappings.swift */ = {isa = PBXFileReference; fileEncoding = 4; lastKnownFileType = sourcecode.swift; path = "ReservationReset+Mappings.swift"; sourceTree = "<group>"; };
		9EEF536F1E2AE287004D4A3E /* ParkingLocationSearchViewController.swift */ = {isa = PBXFileReference; fileEncoding = 4; lastKnownFileType = sourcecode.swift; path = ParkingLocationSearchViewController.swift; sourceTree = "<group>"; };
		9EEF53701E2AE287004D4A3E /* ParkingLocationSearchViewController.xib */ = {isa = PBXFileReference; fileEncoding = 4; lastKnownFileType = file.xib; path = ParkingLocationSearchViewController.xib; sourceTree = "<group>"; };
		9EEF537F1E2AE336004D4A3E /* ReservationTableViewController.swift */ = {isa = PBXFileReference; fileEncoding = 4; lastKnownFileType = sourcecode.swift; path = ReservationTableViewController.swift; sourceTree = "<group>"; };
		9EEF53801E2AE336004D4A3E /* ReservationTableViewController.xib */ = {isa = PBXFileReference; fileEncoding = 4; lastKnownFileType = file.xib; path = ReservationTableViewController.xib; sourceTree = "<group>"; };
		9EEF53831E2AE344004D4A3E /* MyCarTableViewController.swift */ = {isa = PBXFileReference; fileEncoding = 4; lastKnownFileType = sourcecode.swift; path = MyCarTableViewController.swift; sourceTree = "<group>"; };
		9EEF53841E2AE344004D4A3E /* MyCarTableViewController.xib */ = {isa = PBXFileReference; fileEncoding = 4; lastKnownFileType = file.xib; path = MyCarTableViewController.xib; sourceTree = "<group>"; };
		9EEF53891E2AE3FF004D4A3E /* UIColor+Custom.swift */ = {isa = PBXFileReference; fileEncoding = 4; lastKnownFileType = sourcecode.swift; path = "UIColor+Custom.swift"; sourceTree = "<group>"; };
		9EEF538C1E2AE8DB004D4A3E /* RideCellNavigationController.swift */ = {isa = PBXFileReference; fileEncoding = 4; lastKnownFileType = sourcecode.swift; path = RideCellNavigationController.swift; sourceTree = "<group>"; };
		9EEF538E1E2AF925004D4A3E /* UIViewController+Alert.swift */ = {isa = PBXFileReference; fileEncoding = 4; lastKnownFileType = sourcecode.swift; path = "UIViewController+Alert.swift"; sourceTree = "<group>"; };
		9EEF53911E2B05D8004D4A3E /* ParkingLocationAnnotation.swift */ = {isa = PBXFileReference; fileEncoding = 4; lastKnownFileType = sourcecode.swift; path = ParkingLocationAnnotation.swift; sourceTree = "<group>"; };
		9EEF53951E2B068C004D4A3E /* ParkingLocationAnnotationView.swift */ = {isa = PBXFileReference; fileEncoding = 4; lastKnownFileType = sourcecode.swift; path = ParkingLocationAnnotationView.swift; sourceTree = "<group>"; };
		9EEF53971E2B06B6004D4A3E /* MapAnnotationView.swift */ = {isa = PBXFileReference; fileEncoding = 4; lastKnownFileType = sourcecode.swift; path = MapAnnotationView.swift; sourceTree = "<group>"; };
/* End PBXFileReference section */

/* Begin PBXFrameworksBuildPhase section */
		9EEF52A21E2A885D004D4A3E /* Frameworks */ = {
			isa = PBXFrameworksBuildPhase;
			buildActionMask = 2147483647;
			files = (
			);
			runOnlyForDeploymentPostprocessing = 0;
		};
		9EEF52B61E2A885D004D4A3E /* Frameworks */ = {
			isa = PBXFrameworksBuildPhase;
			buildActionMask = 2147483647;
			files = (
			);
			runOnlyForDeploymentPostprocessing = 0;
		};
		9EEF52C11E2A885D004D4A3E /* Frameworks */ = {
			isa = PBXFrameworksBuildPhase;
			buildActionMask = 2147483647;
			files = (
			);
			runOnlyForDeploymentPostprocessing = 0;
		};
/* End PBXFrameworksBuildPhase section */

/* Begin PBXGroup section */
		9EEF529C1E2A885D004D4A3E = {
			isa = PBXGroup;
			children = (
				9EEF52A71E2A885D004D4A3E /* RideCellParking */,
				9EEF52BC1E2A885D004D4A3E /* RideCellParkingTests */,
				9EEF52C71E2A885D004D4A3E /* RideCellParkingUITests */,
				9EEF52A61E2A885D004D4A3E /* Products */,
			);
			sourceTree = "<group>";
		};
		9EEF52A61E2A885D004D4A3E /* Products */ = {
			isa = PBXGroup;
			children = (
				9EEF52A51E2A885D004D4A3E /* RideCellParking.app */,
				9EEF52B91E2A885D004D4A3E /* RideCellParkingTests.xctest */,
				9EEF52C41E2A885D004D4A3E /* RideCellParkingUITests.xctest */,
			);
			name = Products;
			sourceTree = "<group>";
		};
		9EEF52A71E2A885D004D4A3E /* RideCellParking */ = {
			isa = PBXGroup;
			children = (
				9EEF52A81E2A885D004D4A3E /* AppDelegate.swift */,
				9EEF52E41E2A8C27004D4A3E /* Libraries */,
				9EEF52D81E2A8C27004D4A3E /* Data Provider */,
				9EEF52E31E2A8C27004D4A3E /* Models */,
				9EEF53901E2B05C3004D4A3E /* Classes */,
				9EEF52E51E2A8C27004D4A3E /* Views */,
				9EEF52E21E2A8C27004D4A3E /* Controllers */,
				9EEF52D71E2A8B34004D4A3E /* Supporting Files */,
			);
			path = RideCellParking;
			sourceTree = "<group>";
		};
		9EEF52BC1E2A885D004D4A3E /* RideCellParkingTests */ = {
			isa = PBXGroup;
			children = (
				9EEF52BD1E2A885D004D4A3E /* RideCellParkingTests.swift */,
				9EEF52BF1E2A885D004D4A3E /* Info.plist */,
			);
			path = RideCellParkingTests;
			sourceTree = "<group>";
		};
		9EEF52C71E2A885D004D4A3E /* RideCellParkingUITests */ = {
			isa = PBXGroup;
			children = (
				9EEF52C81E2A885D004D4A3E /* RideCellParkingUITests.swift */,
				9EEF52CA1E2A885D004D4A3E /* Info.plist */,
			);
			path = RideCellParkingUITests;
			sourceTree = "<group>";
		};
		9EEF52D71E2A8B34004D4A3E /* Supporting Files */ = {
			isa = PBXGroup;
			children = (
				9EEF52AF1E2A885D004D4A3E /* Assets.xcassets */,
				9EEF52B11E2A885D004D4A3E /* LaunchScreen.storyboard */,
				9EEF52B41E2A885D004D4A3E /* Info.plist */,
			);
			name = "Supporting Files";
			sourceTree = "<group>";
		};
		9EEF52D81E2A8C27004D4A3E /* Data Provider */ = {
			isa = PBXGroup;
			children = (
				9EEF52D91E2A8C27004D4A3E /* DataProvider.swift */,
				9EEF52DA1E2A8C27004D4A3E /* DataProviderExtensions.swift */,
				9EEF52DB1E2A8C27004D4A3E /* Protocols */,
				9EEF52DE1E2A8C27004D4A3E /* Web */,
			);
			path = "Data Provider";
			sourceTree = "<group>";
		};
		9EEF52DB1E2A8C27004D4A3E /* Protocols */ = {
			isa = PBXGroup;
			children = (
				9EEF52DC1E2A8C27004D4A3E /* DataProviderOperationProtocol.swift */,
				9EEF52DD1E2A8C27004D4A3E /* DataProviderProtocol.swift */,
			);
			path = Protocols;
			sourceTree = "<group>";
		};
		9EEF52DE1E2A8C27004D4A3E /* Web */ = {
			isa = PBXGroup;
			children = (
				9EEF52E11E2A8C27004D4A3E /* WebProvider.swift */,
				9EEF52DF1E2A8C27004D4A3E /* Mappings */,
			);
			path = Web;
			sourceTree = "<group>";
		};
		9EEF52DF1E2A8C27004D4A3E /* Mappings */ = {
			isa = PBXGroup;
			children = (
				9EEF52E01E2A8C27004D4A3E /* ParkingLocation+Mappings.swift */,
				9EEF53691E2AA0D2004D4A3E /* ReservationRequestMinutes+Mappings.swift */,
				9EEF536D1E2AA2B9004D4A3E /* ReservationReset+Mappings.swift */,
			);
			path = Mappings;
			sourceTree = "<group>";
		};
		9EEF52E21E2A8C27004D4A3E /* Controllers */ = {
			isa = PBXGroup;
			children = (
				9EEF538B1E2AE8B9004D4A3E /* Navigation Controller */,
				9EEF53731E2AE28C004D4A3E /* Search */,
				9EEF53741E2AE292004D4A3E /* Reservation */,
				9EEF53761E2AE2A5004D4A3E /* My Car */,
			);
			path = Controllers;
			sourceTree = "<group>";
		};
		9EEF52E31E2A8C27004D4A3E /* Models */ = {
			isa = PBXGroup;
			children = (
				9EEF52EC1E2A8DCE004D4A3E /* ParkingLocation.swift */,
				9EEF53671E2AA077004D4A3E /* ReservationRequestMinutes.swift */,
				9EEF536B1E2AA27B004D4A3E /* ReservationReset.swift */,
			);
			path = Models;
			sourceTree = "<group>";
		};
		9EEF52E41E2A8C27004D4A3E /* Libraries */ = {
			isa = PBXGroup;
			children = (
				9EEF53421E2A8F1E004D4A3E /* DateTools */,
				9EEF53881E2AE3EF004D4A3E /* Extensions */,
				9EEF531C1E2A8EF7004D4A3E /* Easy Timer */,
				9EEF52EE1E2A8ED2004D4A3E /* ObjectMapper */,
			);
			path = Libraries;
			sourceTree = "<group>";
		};
		9EEF52E51E2A8C27004D4A3E /* Views */ = {
			isa = PBXGroup;
			children = (
				9EEF53931E2B0671004D4A3E /* Annotation Views */,
			);
			path = Views;
			sourceTree = "<group>";
		};
		9EEF52EE1E2A8ED2004D4A3E /* ObjectMapper */ = {
			isa = PBXGroup;
			children = (
				9EEF52EF1E2A8ED2004D4A3E /* CustomDateFormatTransform.swift */,
				9EEF52F01E2A8ED2004D4A3E /* DataTransform.swift */,
				9EEF52F11E2A8ED2004D4A3E /* DateFormatterTransform.swift */,
				9EEF52F21E2A8ED2004D4A3E /* DateTransform.swift */,
				9EEF52F31E2A8ED2004D4A3E /* DictionaryTransform.swift */,
				9EEF52F41E2A8ED2004D4A3E /* EnumOperators.swift */,
				9EEF52F51E2A8ED2004D4A3E /* EnumTransform.swift */,
				9EEF52F61E2A8ED2004D4A3E /* FromJSON.swift */,
				9EEF52F71E2A8ED2004D4A3E /* HexColorTransform.swift */,
				9EEF52F81E2A8ED2004D4A3E /* ImmutableMappable.swift */,
				9EEF52F91E2A8ED2004D4A3E /* ISO8601DateTransform.swift */,
				9EEF52FA1E2A8ED2004D4A3E /* Map.swift */,
				9EEF52FB1E2A8ED2004D4A3E /* MapError.swift */,
				9EEF52FC1E2A8ED2004D4A3E /* Mappable.swift */,
				9EEF52FD1E2A8ED2004D4A3E /* Mapper.swift */,
				9EEF52FE1E2A8ED2004D4A3E /* NSDecimalNumberTransform.swift */,
				9EEF52FF1E2A8ED2004D4A3E /* ObjectMapper.h */,
				9EEF53001E2A8ED2004D4A3E /* Operators.swift */,
				9EEF53011E2A8ED2004D4A3E /* ToJSON.swift */,
				9EEF53021E2A8ED2004D4A3E /* TransformOf.swift */,
				9EEF53031E2A8ED2004D4A3E /* TransformOperators.swift */,
				9EEF53041E2A8ED2004D4A3E /* TransformType.swift */,
				9EEF53051E2A8ED2004D4A3E /* URLTransform.swift */,
				9EEF53631E2A969E004D4A3E /* DoubleTransform.swift */,
			);
			path = ObjectMapper;
			sourceTree = "<group>";
		};
		9EEF531C1E2A8EF7004D4A3E /* Easy Timer */ = {
			isa = PBXGroup;
			children = (
				9EEF531D1E2A8EF7004D4A3E /* EasyTimer.swift */,
				9EEF531E1E2A8EF7004D4A3E /* EasyTimerTimeInterval.swift */,
			);
			path = "Easy Timer";
			sourceTree = "<group>";
		};
		9EEF53421E2A8F1E004D4A3E /* DateTools */ = {
			isa = PBXGroup;
			children = (
				9EEF53431E2A8F1E004D4A3E /* Constants.swift */,
				9EEF53441E2A8F1E004D4A3E /* Date+Bundle.swift */,
				9EEF53451E2A8F1E004D4A3E /* Date+Comparators.swift */,
				9EEF53461E2A8F1E004D4A3E /* Date+Components.swift */,
				9EEF53471E2A8F1E004D4A3E /* Date+Format.swift */,
				9EEF53481E2A8F1E004D4A3E /* Date+Inits.swift */,
				9EEF53491E2A8F1E004D4A3E /* Date+Manipulations.swift */,
				9EEF534A1E2A8F1E004D4A3E /* Date+TimeAgo.swift */,
				9EEF534B1E2A8F1E004D4A3E /* DateTools.bundle */,
				9EEF534C1E2A8F1E004D4A3E /* Enums.swift */,
				9EEF534D1E2A8F1E004D4A3E /* Integer+DateTools.swift */,
				9EEF534E1E2A8F1E004D4A3E /* TimeChunk.swift */,
				9EEF534F1E2A8F1E004D4A3E /* TimePeriod.swift */,
				9EEF53501E2A8F1E004D4A3E /* TimePeriodChain.swift */,
				9EEF53511E2A8F1E004D4A3E /* TimePeriodCollection.swift */,
				9EEF53521E2A8F1E004D4A3E /* TimePeriodGroup.swift */,
			);
			path = DateTools;
			sourceTree = "<group>";
		};
		9EEF53731E2AE28C004D4A3E /* Search */ = {
			isa = PBXGroup;
			children = (
				9EEF536F1E2AE287004D4A3E /* ParkingLocationSearchViewController.swift */,
				9EEF53701E2AE287004D4A3E /* ParkingLocationSearchViewController.xib */,
			);
			name = Search;
			sourceTree = "<group>";
		};
		9EEF53741E2AE292004D4A3E /* Reservation */ = {
			isa = PBXGroup;
			children = (
				9EEF537F1E2AE336004D4A3E /* ReservationTableViewController.swift */,
				9EEF53801E2AE336004D4A3E /* ReservationTableViewController.xib */,
			);
			name = Reservation;
			sourceTree = "<group>";
		};
		9EEF53761E2AE2A5004D4A3E /* My Car */ = {
			isa = PBXGroup;
			children = (
				9EEF53831E2AE344004D4A3E /* MyCarTableViewController.swift */,
				9EEF53841E2AE344004D4A3E /* MyCarTableViewController.xib */,
			);
			name = "My Car";
			sourceTree = "<group>";
		};
		9EEF53881E2AE3EF004D4A3E /* Extensions */ = {
			isa = PBXGroup;
			children = (
				9EEF53891E2AE3FF004D4A3E /* UIColor+Custom.swift */,
				9EEF538E1E2AF925004D4A3E /* UIViewController+Alert.swift */,
			);
			path = Extensions;
			sourceTree = "<group>";
		};
		9EEF538B1E2AE8B9004D4A3E /* Navigation Controller */ = {
			isa = PBXGroup;
			children = (
				9EEF538C1E2AE8DB004D4A3E /* RideCellNavigationController.swift */,
			);
			name = "Navigation Controller";
			sourceTree = "<group>";
		};
		9EEF53901E2B05C3004D4A3E /* Classes */ = {
			isa = PBXGroup;
			children = (
				9EEF53941E2B0678004D4A3E /* Annotation */,
			);
			path = Classes;
			sourceTree = "<group>";
		};
		9EEF53931E2B0671004D4A3E /* Annotation Views */ = {
			isa = PBXGroup;
			children = (
				9EEF53971E2B06B6004D4A3E /* MapAnnotationView.swift */,
				9EEF53951E2B068C004D4A3E /* ParkingLocationAnnotationView.swift */,
			);
			name = "Annotation Views";
			sourceTree = "<group>";
		};
		9EEF53941E2B0678004D4A3E /* Annotation */ = {
			isa = PBXGroup;
			children = (
				9EEF53911E2B05D8004D4A3E /* ParkingLocationAnnotation.swift */,
			);
			name = Annotation;
			sourceTree = "<group>";
		};
/* End PBXGroup section */

/* Begin PBXNativeTarget section */
		9EEF52A41E2A885D004D4A3E /* RideCellParking */ = {
			isa = PBXNativeTarget;
			buildConfigurationList = 9EEF52CD1E2A885D004D4A3E /* Build configuration list for PBXNativeTarget "RideCellParking" */;
			buildPhases = (
				9EEF52A11E2A885D004D4A3E /* Sources */,
				9EEF52A21E2A885D004D4A3E /* Frameworks */,
				9EEF52A31E2A885D004D4A3E /* Resources */,
			);
			buildRules = (
			);
			dependencies = (
			);
			name = RideCellParking;
			productName = RideCellParking;
			productReference = 9EEF52A51E2A885D004D4A3E /* RideCellParking.app */;
			productType = "com.apple.product-type.application";
		};
		9EEF52B81E2A885D004D4A3E /* RideCellParkingTests */ = {
			isa = PBXNativeTarget;
			buildConfigurationList = 9EEF52D01E2A885D004D4A3E /* Build configuration list for PBXNativeTarget "RideCellParkingTests" */;
			buildPhases = (
				9EEF52B51E2A885D004D4A3E /* Sources */,
				9EEF52B61E2A885D004D4A3E /* Frameworks */,
				9EEF52B71E2A885D004D4A3E /* Resources */,
			);
			buildRules = (
			);
			dependencies = (
				9EEF52BB1E2A885D004D4A3E /* PBXTargetDependency */,
			);
			name = RideCellParkingTests;
			productName = RideCellParkingTests;
			productReference = 9EEF52B91E2A885D004D4A3E /* RideCellParkingTests.xctest */;
			productType = "com.apple.product-type.bundle.unit-test";
		};
		9EEF52C31E2A885D004D4A3E /* RideCellParkingUITests */ = {
			isa = PBXNativeTarget;
			buildConfigurationList = 9EEF52D31E2A885D004D4A3E /* Build configuration list for PBXNativeTarget "RideCellParkingUITests" */;
			buildPhases = (
				9EEF52C01E2A885D004D4A3E /* Sources */,
				9EEF52C11E2A885D004D4A3E /* Frameworks */,
				9EEF52C21E2A885D004D4A3E /* Resources */,
			);
			buildRules = (
			);
			dependencies = (
				9EEF52C61E2A885D004D4A3E /* PBXTargetDependency */,
			);
			name = RideCellParkingUITests;
			productName = RideCellParkingUITests;
			productReference = 9EEF52C41E2A885D004D4A3E /* RideCellParkingUITests.xctest */;
			productType = "com.apple.product-type.bundle.ui-testing";
		};
/* End PBXNativeTarget section */

/* Begin PBXProject section */
		9EEF529D1E2A885D004D4A3E /* Project object */ = {
			isa = PBXProject;
			attributes = {
				LastSwiftUpdateCheck = 0820;
				LastUpgradeCheck = 0820;
				ORGANIZATIONNAME = "Niklas Fahl";
				TargetAttributes = {
					9EEF52A41E2A885D004D4A3E = {
						CreatedOnToolsVersion = 8.2.1;
						DevelopmentTeam = 7N7CGSK8P8;
						ProvisioningStyle = Automatic;
					};
					9EEF52B81E2A885D004D4A3E = {
						CreatedOnToolsVersion = 8.2.1;
						ProvisioningStyle = Automatic;
						TestTargetID = 9EEF52A41E2A885D004D4A3E;
					};
					9EEF52C31E2A885D004D4A3E = {
						CreatedOnToolsVersion = 8.2.1;
						ProvisioningStyle = Automatic;
						TestTargetID = 9EEF52A41E2A885D004D4A3E;
					};
				};
			};
			buildConfigurationList = 9EEF52A01E2A885D004D4A3E /* Build configuration list for PBXProject "RideCellParking" */;
			compatibilityVersion = "Xcode 3.2";
			developmentRegion = English;
			hasScannedForEncodings = 0;
			knownRegions = (
				en,
				Base,
			);
			mainGroup = 9EEF529C1E2A885D004D4A3E;
			productRefGroup = 9EEF52A61E2A885D004D4A3E /* Products */;
			projectDirPath = "";
			projectRoot = "";
			targets = (
				9EEF52A41E2A885D004D4A3E /* RideCellParking */,
				9EEF52B81E2A885D004D4A3E /* RideCellParkingTests */,
				9EEF52C31E2A885D004D4A3E /* RideCellParkingUITests */,
			);
		};
/* End PBXProject section */

/* Begin PBXResourcesBuildPhase section */
		9EEF52A31E2A885D004D4A3E /* Resources */ = {
			isa = PBXResourcesBuildPhase;
			buildActionMask = 2147483647;
			files = (
				9EEF52B31E2A885D004D4A3E /* LaunchScreen.storyboard in Resources */,
				9EEF52B01E2A885D004D4A3E /* Assets.xcassets in Resources */,
				9EEF53861E2AE344004D4A3E /* MyCarTableViewController.xib in Resources */,
				9EEF53821E2AE336004D4A3E /* ReservationTableViewController.xib in Resources */,
				9EEF53721E2AE287004D4A3E /* ParkingLocationSearchViewController.xib in Resources */,
				9EEF535B1E2A8F1E004D4A3E /* DateTools.bundle in Resources */,
			);
			runOnlyForDeploymentPostprocessing = 0;
		};
		9EEF52B71E2A885D004D4A3E /* Resources */ = {
			isa = PBXResourcesBuildPhase;
			buildActionMask = 2147483647;
			files = (
			);
			runOnlyForDeploymentPostprocessing = 0;
		};
		9EEF52C21E2A885D004D4A3E /* Resources */ = {
			isa = PBXResourcesBuildPhase;
			buildActionMask = 2147483647;
			files = (
			);
			runOnlyForDeploymentPostprocessing = 0;
		};
/* End PBXResourcesBuildPhase section */

/* Begin PBXSourcesBuildPhase section */
		9EEF52A11E2A885D004D4A3E /* Sources */ = {
			isa = PBXSourcesBuildPhase;
			buildActionMask = 2147483647;
			files = (
				9EEF535C1E2A8F1E004D4A3E /* Enums.swift in Sources */,
				9EEF535F1E2A8F1E004D4A3E /* TimePeriod.swift in Sources */,
				9EEF535E1E2A8F1E004D4A3E /* TimeChunk.swift in Sources */,
				9EEF530F1E2A8ED2004D4A3E /* ImmutableMappable.swift in Sources */,
				9EEF53711E2AE287004D4A3E /* ParkingLocationSearchViewController.swift in Sources */,
				9EEF53581E2A8F1E004D4A3E /* Date+Inits.swift in Sources */,
				9EEF530C1E2A8ED2004D4A3E /* EnumTransform.swift in Sources */,
				9EEF53101E2A8ED2004D4A3E /* ISO8601DateTransform.swift in Sources */,
				9EEF53641E2A969E004D4A3E /* DoubleTransform.swift in Sources */,
				9EEF531F1E2A8EF7004D4A3E /* EasyTimer.swift in Sources */,
				9EEF53181E2A8ED2004D4A3E /* TransformOf.swift in Sources */,
				9EEF530B1E2A8ED2004D4A3E /* EnumOperators.swift in Sources */,
				9EEF53571E2A8F1E004D4A3E /* Date+Format.swift in Sources */,
				9EEF53961E2B068C004D4A3E /* ParkingLocationAnnotationView.swift in Sources */,
				9EEF52E61E2A8C27004D4A3E /* DataProvider.swift in Sources */,
				9EEF53551E2A8F1E004D4A3E /* Date+Comparators.swift in Sources */,
				9EEF52A91E2A885D004D4A3E /* AppDelegate.swift in Sources */,
				9EEF52E81E2A8C27004D4A3E /* DataProviderOperationProtocol.swift in Sources */,
				9EEF531A1E2A8ED2004D4A3E /* TransformType.swift in Sources */,
				9EEF536E1E2AA2B9004D4A3E /* ReservationReset+Mappings.swift in Sources */,
				9EEF53561E2A8F1E004D4A3E /* Date+Components.swift in Sources */,
				9EEF536C1E2AA27B004D4A3E /* ReservationReset.swift in Sources */,
				9EEF52E91E2A8C27004D4A3E /* DataProviderProtocol.swift in Sources */,
				9EEF530A1E2A8ED2004D4A3E /* DictionaryTransform.swift in Sources */,
				9EEF538D1E2AE8DB004D4A3E /* RideCellNavigationController.swift in Sources */,
				9EEF53191E2A8ED2004D4A3E /* TransformOperators.swift in Sources */,
				9EEF530E1E2A8ED2004D4A3E /* HexColorTransform.swift in Sources */,
				9EEF53111E2A8ED2004D4A3E /* Map.swift in Sources */,
				9EEF530D1E2A8ED2004D4A3E /* FromJSON.swift in Sources */,
				9EEF52EB1E2A8C27004D4A3E /* WebProvider.swift in Sources */,
				9EEF53081E2A8ED2004D4A3E /* DateFormatterTransform.swift in Sources */,
				9EEF53981E2B06B6004D4A3E /* MapAnnotationView.swift in Sources */,
				9EEF53611E2A8F1E004D4A3E /* TimePeriodCollection.swift in Sources */,
				9EEF52ED1E2A8DCE004D4A3E /* ParkingLocation.swift in Sources */,
				9EEF53061E2A8ED2004D4A3E /* CustomDateFormatTransform.swift in Sources */,
				9EEF53171E2A8ED2004D4A3E /* ToJSON.swift in Sources */,
				9EEF531B1E2A8ED2004D4A3E /* URLTransform.swift in Sources */,
				9EEF53161E2A8ED2004D4A3E /* Operators.swift in Sources */,
				9EEF53601E2A8F1E004D4A3E /* TimePeriodChain.swift in Sources */,
				9EEF53531E2A8F1E004D4A3E /* Constants.swift in Sources */,
				9EEF53091E2A8ED2004D4A3E /* DateTransform.swift in Sources */,
				9EEF53591E2A8F1E004D4A3E /* Date+Manipulations.swift in Sources */,
				9EEF53621E2A8F1E004D4A3E /* TimePeriodGroup.swift in Sources */,
				9EEF53141E2A8ED2004D4A3E /* Mapper.swift in Sources */,
				9EEF53121E2A8ED2004D4A3E /* MapError.swift in Sources */,
				9EEF538A1E2AE3FF004D4A3E /* UIColor+Custom.swift in Sources */,
				9EEF536A1E2AA0D2004D4A3E /* ReservationRequestMinutes+Mappings.swift in Sources */,
				9EEF53541E2A8F1E004D4A3E /* Date+Bundle.swift in Sources */,
				9EEF52EA1E2A8C27004D4A3E /* ParkingLocation+Mappings.swift in Sources */,
				9EEF53681E2AA077004D4A3E /* ReservationRequestMinutes.swift in Sources */,
				9EEF53131E2A8ED2004D4A3E /* Mappable.swift in Sources */,
				9EEF538F1E2AF925004D4A3E /* UIViewController+Alert.swift in Sources */,
				9EEF535D1E2A8F1E004D4A3E /* Integer+DateTools.swift in Sources */,
				9EEF53071E2A8ED2004D4A3E /* DataTransform.swift in Sources */,
				9EEF53851E2AE344004D4A3E /* MyCarTableViewController.swift in Sources */,
				9EEF535A1E2A8F1E004D4A3E /* Date+TimeAgo.swift in Sources */,
				9EEF53811E2AE336004D4A3E /* ReservationTableViewController.swift in Sources */,
				9EEF53201E2A8EF7004D4A3E /* EasyTimerTimeInterval.swift in Sources */,
				9EEF53151E2A8ED2004D4A3E /* NSDecimalNumberTransform.swift in Sources */,
				9EEF52E71E2A8C27004D4A3E /* DataProviderExtensions.swift in Sources */,
				9EEF53921E2B05D8004D4A3E /* ParkingLocationAnnotation.swift in Sources */,
			);
			runOnlyForDeploymentPostprocessing = 0;
		};
		9EEF52B51E2A885D004D4A3E /* Sources */ = {
			isa = PBXSourcesBuildPhase;
			buildActionMask = 2147483647;
			files = (
				9EEF52BE1E2A885D004D4A3E /* RideCellParkingTests.swift in Sources */,
			);
			runOnlyForDeploymentPostprocessing = 0;
		};
		9EEF52C01E2A885D004D4A3E /* Sources */ = {
			isa = PBXSourcesBuildPhase;
			buildActionMask = 2147483647;
			files = (
				9EEF52C91E2A885D004D4A3E /* RideCellParkingUITests.swift in Sources */,
			);
			runOnlyForDeploymentPostprocessing = 0;
		};
/* End PBXSourcesBuildPhase section */

/* Begin PBXTargetDependency section */
		9EEF52BB1E2A885D004D4A3E /* PBXTargetDependency */ = {
			isa = PBXTargetDependency;
			target = 9EEF52A41E2A885D004D4A3E /* RideCellParking */;
			targetProxy = 9EEF52BA1E2A885D004D4A3E /* PBXContainerItemProxy */;
		};
		9EEF52C61E2A885D004D4A3E /* PBXTargetDependency */ = {
			isa = PBXTargetDependency;
			target = 9EEF52A41E2A885D004D4A3E /* RideCellParking */;
			targetProxy = 9EEF52C51E2A885D004D4A3E /* PBXContainerItemProxy */;
		};
/* End PBXTargetDependency section */

/* Begin PBXVariantGroup section */
		9EEF52B11E2A885D004D4A3E /* LaunchScreen.storyboard */ = {
			isa = PBXVariantGroup;
			children = (
				9EEF52B21E2A885D004D4A3E /* Base */,
			);
			name = LaunchScreen.storyboard;
			sourceTree = "<group>";
		};
/* End PBXVariantGroup section */

/* Begin XCBuildConfiguration section */
		9EEF52CB1E2A885D004D4A3E /* Debug */ = {
			isa = XCBuildConfiguration;
			buildSettings = {
				ALWAYS_SEARCH_USER_PATHS = NO;
				CLANG_ANALYZER_NONNULL = YES;
				CLANG_CXX_LANGUAGE_STANDARD = "gnu++0x";
				CLANG_CXX_LIBRARY = "libc++";
				CLANG_ENABLE_MODULES = YES;
				CLANG_ENABLE_OBJC_ARC = YES;
				CLANG_WARN_BOOL_CONVERSION = YES;
				CLANG_WARN_CONSTANT_CONVERSION = YES;
				CLANG_WARN_DIRECT_OBJC_ISA_USAGE = YES_ERROR;
				CLANG_WARN_DOCUMENTATION_COMMENTS = YES;
				CLANG_WARN_EMPTY_BODY = YES;
				CLANG_WARN_ENUM_CONVERSION = YES;
				CLANG_WARN_INFINITE_RECURSION = YES;
				CLANG_WARN_INT_CONVERSION = YES;
				CLANG_WARN_OBJC_ROOT_CLASS = YES_ERROR;
				CLANG_WARN_SUSPICIOUS_MOVE = YES;
				CLANG_WARN_UNREACHABLE_CODE = YES;
				CLANG_WARN__DUPLICATE_METHOD_MATCH = YES;
				"CODE_SIGN_IDENTITY[sdk=iphoneos*]" = "iPhone Developer";
				COPY_PHASE_STRIP = NO;
				DEBUG_INFORMATION_FORMAT = dwarf;
				ENABLE_STRICT_OBJC_MSGSEND = YES;
				ENABLE_TESTABILITY = YES;
				GCC_C_LANGUAGE_STANDARD = gnu99;
				GCC_DYNAMIC_NO_PIC = NO;
				GCC_NO_COMMON_BLOCKS = YES;
				GCC_OPTIMIZATION_LEVEL = 0;
				GCC_PREPROCESSOR_DEFINITIONS = (
					"DEBUG=1",
					"$(inherited)",
				);
				GCC_WARN_64_TO_32_BIT_CONVERSION = YES;
				GCC_WARN_ABOUT_RETURN_TYPE = YES_ERROR;
				GCC_WARN_UNDECLARED_SELECTOR = YES;
				GCC_WARN_UNINITIALIZED_AUTOS = YES_AGGRESSIVE;
				GCC_WARN_UNUSED_FUNCTION = YES;
				GCC_WARN_UNUSED_VARIABLE = YES;
				IPHONEOS_DEPLOYMENT_TARGET = 10.2;
				MTL_ENABLE_DEBUG_INFO = YES;
				ONLY_ACTIVE_ARCH = YES;
				SDKROOT = iphoneos;
				SWIFT_ACTIVE_COMPILATION_CONDITIONS = DEBUG;
				SWIFT_OPTIMIZATION_LEVEL = "-Onone";
				TARGETED_DEVICE_FAMILY = "1,2";
			};
			name = Debug;
		};
		9EEF52CC1E2A885D004D4A3E /* Release */ = {
			isa = XCBuildConfiguration;
			buildSettings = {
				ALWAYS_SEARCH_USER_PATHS = NO;
				CLANG_ANALYZER_NONNULL = YES;
				CLANG_CXX_LANGUAGE_STANDARD = "gnu++0x";
				CLANG_CXX_LIBRARY = "libc++";
				CLANG_ENABLE_MODULES = YES;
				CLANG_ENABLE_OBJC_ARC = YES;
				CLANG_WARN_BOOL_CONVERSION = YES;
				CLANG_WARN_CONSTANT_CONVERSION = YES;
				CLANG_WARN_DIRECT_OBJC_ISA_USAGE = YES_ERROR;
				CLANG_WARN_DOCUMENTATION_COMMENTS = YES;
				CLANG_WARN_EMPTY_BODY = YES;
				CLANG_WARN_ENUM_CONVERSION = YES;
				CLANG_WARN_INFINITE_RECURSION = YES;
				CLANG_WARN_INT_CONVERSION = YES;
				CLANG_WARN_OBJC_ROOT_CLASS = YES_ERROR;
				CLANG_WARN_SUSPICIOUS_MOVE = YES;
				CLANG_WARN_UNREACHABLE_CODE = YES;
				CLANG_WARN__DUPLICATE_METHOD_MATCH = YES;
				"CODE_SIGN_IDENTITY[sdk=iphoneos*]" = "iPhone Developer";
				COPY_PHASE_STRIP = NO;
				DEBUG_INFORMATION_FORMAT = "dwarf-with-dsym";
				ENABLE_NS_ASSERTIONS = NO;
				ENABLE_STRICT_OBJC_MSGSEND = YES;
				GCC_C_LANGUAGE_STANDARD = gnu99;
				GCC_NO_COMMON_BLOCKS = YES;
				GCC_WARN_64_TO_32_BIT_CONVERSION = YES;
				GCC_WARN_ABOUT_RETURN_TYPE = YES_ERROR;
				GCC_WARN_UNDECLARED_SELECTOR = YES;
				GCC_WARN_UNINITIALIZED_AUTOS = YES_AGGRESSIVE;
				GCC_WARN_UNUSED_FUNCTION = YES;
				GCC_WARN_UNUSED_VARIABLE = YES;
				IPHONEOS_DEPLOYMENT_TARGET = 10.2;
				MTL_ENABLE_DEBUG_INFO = NO;
				SDKROOT = iphoneos;
				SWIFT_OPTIMIZATION_LEVEL = "-Owholemodule";
				TARGETED_DEVICE_FAMILY = "1,2";
				VALIDATE_PRODUCT = YES;
			};
			name = Release;
		};
		9EEF52CE1E2A885D004D4A3E /* Debug */ = {
			isa = XCBuildConfiguration;
			buildSettings = {
				ASSETCATALOG_COMPILER_APPICON_NAME = AppIcon;
				DEVELOPMENT_TEAM = 7N7CGSK8P8;
				INFOPLIST_FILE = RideCellParking/Info.plist;
				IPHONEOS_DEPLOYMENT_TARGET = 9.3;
				LD_RUNPATH_SEARCH_PATHS = "$(inherited) @executable_path/Frameworks";
				PRODUCT_BUNDLE_IDENTIFIER = com.nikfahl.RideCellParking;
				PRODUCT_NAME = "$(TARGET_NAME)";
				SWIFT_VERSION = 3.0;
			};
			name = Debug;
		};
		9EEF52CF1E2A885D004D4A3E /* Release */ = {
			isa = XCBuildConfiguration;
			buildSettings = {
				ASSETCATALOG_COMPILER_APPICON_NAME = AppIcon;
				DEVELOPMENT_TEAM = 7N7CGSK8P8;
				INFOPLIST_FILE = RideCellParking/Info.plist;
				IPHONEOS_DEPLOYMENT_TARGET = 9.3;
				LD_RUNPATH_SEARCH_PATHS = "$(inherited) @executable_path/Frameworks";
				PRODUCT_BUNDLE_IDENTIFIER = com.nikfahl.RideCellParking;
				PRODUCT_NAME = "$(TARGET_NAME)";
				SWIFT_VERSION = 3.0;
			};
			name = Release;
		};
		9EEF52D11E2A885D004D4A3E /* Debug */ = {
			isa = XCBuildConfiguration;
			buildSettings = {
				ALWAYS_EMBED_SWIFT_STANDARD_LIBRARIES = YES;
				BUNDLE_LOADER = "$(TEST_HOST)";
				INFOPLIST_FILE = RideCellParkingTests/Info.plist;
				LD_RUNPATH_SEARCH_PATHS = "$(inherited) @executable_path/Frameworks @loader_path/Frameworks";
				PRODUCT_BUNDLE_IDENTIFIER = com.nikfahl.RideCellParkingTests;
				PRODUCT_NAME = "$(TARGET_NAME)";
				SWIFT_VERSION = 3.0;
				TEST_HOST = "$(BUILT_PRODUCTS_DIR)/RideCellParking.app/RideCellParking";
			};
			name = Debug;
		};
		9EEF52D21E2A885D004D4A3E /* Release */ = {
			isa = XCBuildConfiguration;
			buildSettings = {
				ALWAYS_EMBED_SWIFT_STANDARD_LIBRARIES = YES;
				BUNDLE_LOADER = "$(TEST_HOST)";
				INFOPLIST_FILE = RideCellParkingTests/Info.plist;
				LD_RUNPATH_SEARCH_PATHS = "$(inherited) @executable_path/Frameworks @loader_path/Frameworks";
				PRODUCT_BUNDLE_IDENTIFIER = com.nikfahl.RideCellParkingTests;
				PRODUCT_NAME = "$(TARGET_NAME)";
				SWIFT_VERSION = 3.0;
				TEST_HOST = "$(BUILT_PRODUCTS_DIR)/RideCellParking.app/RideCellParking";
			};
			name = Release;
		};
		9EEF52D41E2A885D004D4A3E /* Debug */ = {
			isa = XCBuildConfiguration;
			buildSettings = {
				ALWAYS_EMBED_SWIFT_STANDARD_LIBRARIES = YES;
				INFOPLIST_FILE = RideCellParkingUITests/Info.plist;
				LD_RUNPATH_SEARCH_PATHS = "$(inherited) @executable_path/Frameworks @loader_path/Frameworks";
				PRODUCT_BUNDLE_IDENTIFIER = com.nikfahl.RideCellParkingUITests;
				PRODUCT_NAME = "$(TARGET_NAME)";
				SWIFT_VERSION = 3.0;
				TEST_TARGET_NAME = RideCellParking;
			};
			name = Debug;
		};
		9EEF52D51E2A885D004D4A3E /* Release */ = {
			isa = XCBuildConfiguration;
			buildSettings = {
				ALWAYS_EMBED_SWIFT_STANDARD_LIBRARIES = YES;
				INFOPLIST_FILE = RideCellParkingUITests/Info.plist;
				LD_RUNPATH_SEARCH_PATHS = "$(inherited) @executable_path/Frameworks @loader_path/Frameworks";
				PRODUCT_BUNDLE_IDENTIFIER = com.nikfahl.RideCellParkingUITests;
				PRODUCT_NAME = "$(TARGET_NAME)";
				SWIFT_VERSION = 3.0;
				TEST_TARGET_NAME = RideCellParking;
			};
			name = Release;
		};
/* End XCBuildConfiguration section */

/* Begin XCConfigurationList section */
		9EEF52A01E2A885D004D4A3E /* Build configuration list for PBXProject "RideCellParking" */ = {
			isa = XCConfigurationList;
			buildConfigurations = (
				9EEF52CB1E2A885D004D4A3E /* Debug */,
				9EEF52CC1E2A885D004D4A3E /* Release */,
			);
			defaultConfigurationIsVisible = 0;
			defaultConfigurationName = Release;
		};
		9EEF52CD1E2A885D004D4A3E /* Build configuration list for PBXNativeTarget "RideCellParking" */ = {
			isa = XCConfigurationList;
			buildConfigurations = (
				9EEF52CE1E2A885D004D4A3E /* Debug */,
				9EEF52CF1E2A885D004D4A3E /* Release */,
			);
			defaultConfigurationIsVisible = 0;
		};
		9EEF52D01E2A885D004D4A3E /* Build configuration list for PBXNativeTarget "RideCellParkingTests" */ = {
			isa = XCConfigurationList;
			buildConfigurations = (
				9EEF52D11E2A885D004D4A3E /* Debug */,
				9EEF52D21E2A885D004D4A3E /* Release */,
			);
			defaultConfigurationIsVisible = 0;
		};
		9EEF52D31E2A885D004D4A3E /* Build configuration list for PBXNativeTarget "RideCellParkingUITests" */ = {
			isa = XCConfigurationList;
			buildConfigurations = (
				9EEF52D41E2A885D004D4A3E /* Debug */,
				9EEF52D51E2A885D004D4A3E /* Release */,
			);
			defaultConfigurationIsVisible = 0;
		};
/* End XCConfigurationList section */
	};
	rootObject = 9EEF529D1E2A885D004D4A3E /* Project object */;
}
